
Microsoft Visual Studio Solution File, Format Version 12.00
# Visual Studio Version 17
VisualStudioVersion = 17.0.31612.314
MinimumVisualStudioVersion = 10.0.40219.1
Project("{9A19103F-16F7-4668-BE54-9A1E7A4F7556}") = "Modelbuilder", "Modelbuilder\Modelbuilder.csproj", "{D2CFA488-29A8-4444-8B49-9FEF627B5CD2}"
EndProject
Project("{2150E333-8FDC-42A3-9474-1A3956D46DE8}") = "Solution Items", "Solution Items", "{623F8CC9-EC71-40B6-AAE7-6ADD225658E1}"
	ProjectSection(SolutionItems) = preProject
		.editorconfig = .editorconfig
	EndProjectSection
EndProject
Global
	GlobalSection(SolutionConfigurationPlatforms) = preSolution
		Debug|Any CPU = Debug|Any CPU
		Release|Any CPU = Release|Any CPU
	EndGlobalSection
	GlobalSection(ProjectConfigurationPlatforms) = postSolution
		{D2CFA488-29A8-4444-8B49-9FEF627B5CD2}.Debug|Any CPU.ActiveCfg = Debug|Any CPU
		{D2CFA488-29A8-4444-8B49-9FEF627B5CD2}.Debug|Any CPU.Build.0 = Debug|Any CPU
		{D2CFA488-29A8-4444-8B49-9FEF627B5CD2}.Release|Any CPU.ActiveCfg = Release|Any CPU
		{D2CFA488-29A8-4444-8B49-9FEF627B5CD2}.Release|Any CPU.Build.0 = Release|Any CPU
	EndGlobalSection
	GlobalSection(SolutionProperties) = preSolution
		HideSolutionNode = FALSE
	EndGlobalSection
	GlobalSection(ExtensibilityGlobals) = postSolution
		RESX_ExcelExportMode = SingleSheet
		RESX_AutoCreateNewLanguageFiles = True
		RESX_NeutralResourcesLanguage = nl-NL
		SolutionGuid = {FAB57B63-8559-407E-BEB1-B8E10CD1688E}
		RESX_CodeReferences = {"Items":[{"Expression":"\\W($File.$Key)\\W","Extensions":".cs,.xaml,.cshtml","IsCaseSensitive":true,"SingleLineComment":"\/\/"},{"Expression":"\\W($File.$Key)\\W","Extensions":".vbhtml","IsCaseSensitive":false,"SingleLineComment":null},{"Expression":"ResourceManager.GetString\\(\"($Key)\"\\)","Extensions":".cs","IsCaseSensitive":true,"SingleLineComment":"\/\/"},{"Expression":"typeof\\((\\w+\\.)*($File)\\).+\"($Key)\"|\"($Key)\".+typeof\\((\\w+\\.)*($File)\\)","Extensions":".cs","IsCaseSensitive":true,"SingleLineComment":"\/\/"},{"Expression":"\\W($Key)\\W","Extensions":".vb","IsCaseSensitive":false,"SingleLineComment":"'"},{"Expression":"\\W($File::$Key)\\W","Extensions":".cpp,.c,.hxx,.h","IsCaseSensitive":true,"SingleLineComment":"\/\/"},{"Expression":"&lt;%\\$\\s+Resources:\\s*($File)\\s*,\\s*($Key)\\s*%&gt;","Extensions":".aspx,.ascx,.master","IsCaseSensitive":true,"SingleLineComment":null},{"Expression":"StringResourceKey\\.($Key)","Extensions":".cs","IsCaseSensitive":true,"SingleLineComment":"\/\/"},{"Expression":"\\.($Key)","Extensions":".ts,.html","IsCaseSensitive":true,"SingleLineComment":"\/\/"},{"Expression":"\\.$Key","Extensions":".xaml","IsCaseSensitive":true,"SingleLineComment":null}]}
	EndGlobalSection
EndGlobal
